Microsoft Visual Studio Solution File, Format Version 12.00
# Visual Studio Version 17
VisualStudioVersion = 17.5.2.0
MinimumVisualStudioVersion = 10.0.40219.1
Project("{FAE04EC0-301F-11D3-BF4B-00C04F79EFBC}") = "Demo04", "Demo04.csproj", "{B778B136-2745-1247-436A-E9FD0B8DD291}"
EndProject
Global
	GlobalSection(SolutionConfigurationPlatforms) = preSolution
		Debug|Any CPU = Debug|Any CPU
		Release|Any CPU = Release|Any CPU
	EndGlobalSection
	GlobalSection(ProjectConfigurationPlatforms) = postSolution
		{B778B136-2745-1247-436A-E9FD0B8DD291}.Debug|Any CPU.ActiveCfg = Debug|Any CPU
		{B778B136-2745-1247-436A-E9FD0B8DD291}.Debug|Any CPU.Build.0 = Debug|Any CPU
		{B778B136-2745-1247-436A-E9FD0B8DD291}.Release|Any CPU.ActiveCfg = Release|Any CPU
		{B778B136-2745-1247-436A-E9FD0B8DD291}.Release|Any CPU.Build.0 = Release|Any CPU
	EndGlobalSection
	GlobalSection(SolutionProperties) = preSolution
		HideSolutionNode = FALSE
	EndGlobalSection
	GlobalSection(ExtensibilityGlobals) = postSolution
		SolutionGuid = {2530673C-5F05-4FAA-B2F4-C6EF5A059E7E}
	EndGlobalSection
EndGlobal
