Microsoft Visual Studio Solution File, Format Version 12.00
# Visual Studio Version 17
VisualStudioVersion = 17.5.2.0
MinimumVisualStudioVersion = 10.0.40219.1
Project("{FAE04EC0-301F-11D3-BF4B-00C04F79EFBC}") = "Demo01", "Demo01\Demo01.csproj", "{777C3464-7EA8-E4D4-EDA6-EC17857B17AB}"
EndProject
Project("{FAE04EC0-301F-11D3-BF4B-00C04F79EFBC}") = "Demo02", "Demo02\Demo02.csproj", "{F325FEB0-5B48-668B-9A9A-A83988A334CD}"
EndProject
Project("{FAE04EC0-301F-11D3-BF4B-00C04F79EFBC}") = "Demo03", "Demo03\Demo03.csproj", "{42CD1C83-C6FE-15A3-491A-98CA1EF70E28}"
EndProject
Global
	GlobalSection(SolutionConfigurationPlatforms) = preSolution
		Debug|Any CPU = Debug|Any CPU
		Release|Any CPU = Release|Any CPU
	EndGlobalSection
	GlobalSection(ProjectConfigurationPlatforms) = postSolution
		{777C3464-7EA8-E4D4-EDA6-EC17857B17AB}.Debug|Any CPU.ActiveCfg = Debug|Any CPU
		{777C3464-7EA8-E4D4-EDA6-EC17857B17AB}.Debug|Any CPU.Build.0 = Debug|Any CPU
		{777C3464-7EA8-E4D4-EDA6-EC17857B17AB}.Release|Any CPU.ActiveCfg = Release|Any CPU
		{777C3464-7EA8-E4D4-EDA6-EC17857B17AB}.Release|Any CPU.Build.0 = Release|Any CPU
		{F325FEB0-5B48-668B-9A9A-A83988A334CD}.Debug|Any CPU.ActiveCfg = Debug|Any CPU
		{F325FEB0-5B48-668B-9A9A-A83988A334CD}.Debug|Any CPU.Build.0 = Debug|Any CPU
		{F325FEB0-5B48-668B-9A9A-A83988A334CD}.Release|Any CPU.ActiveCfg = Release|Any CPU
		{F325FEB0-5B48-668B-9A9A-A83988A334CD}.Release|Any CPU.Build.0 = Release|Any CPU
		{42CD1C83-C6FE-15A3-491A-98CA1EF70E28}.Debug|Any CPU.ActiveCfg = Debug|Any CPU
		{42CD1C83-C6FE-15A3-491A-98CA1EF70E28}.Debug|Any CPU.Build.0 = Debug|Any CPU
		{42CD1C83-C6FE-15A3-491A-98CA1EF70E28}.Release|Any CPU.ActiveCfg = Release|Any CPU
		{42CD1C83-C6FE-15A3-491A-98CA1EF70E28}.Release|Any CPU.Build.0 = Release|Any CPU
	EndGlobalSection
	GlobalSection(SolutionProperties) = preSolution
		HideSolutionNode = FALSE
	EndGlobalSection
	GlobalSection(ExtensibilityGlobals) = postSolution
		SolutionGuid = {F5D5B36D-5F6B-43B8-B000-0E5CDD1F07C4}
	EndGlobalSection
EndGlobal
