Microsoft Visual Studio Solution File, Format Version 12.00
# Visual Studio Version 17
VisualStudioVersion = 17.5.2.0
MinimumVisualStudioVersion = 10.0.40219.1
Project("{FAE04EC0-301F-11D3-BF4B-00C04F79EFBC}") = "Demo03", "Demo03.csproj", "{AF61E52A-158D-2881-D6FA-2283E1B9C8C2}"
EndProject
Global
	GlobalSection(SolutionConfigurationPlatforms) = preSolution
		Debug|Any CPU = Debug|Any CPU
		Release|Any CPU = Release|Any CPU
	EndGlobalSection
	GlobalSection(ProjectConfigurationPlatforms) = postSolution
		{AF61E52A-158D-2881-D6FA-2283E1B9C8C2}.Debug|Any CPU.ActiveCfg = Debug|Any CPU
		{AF61E52A-158D-2881-D6FA-2283E1B9C8C2}.Debug|Any CPU.Build.0 = Debug|Any CPU
		{AF61E52A-158D-2881-D6FA-2283E1B9C8C2}.Release|Any CPU.ActiveCfg = Release|Any CPU
		{AF61E52A-158D-2881-D6FA-2283E1B9C8C2}.Release|Any CPU.Build.0 = Release|Any CPU
	EndGlobalSection
	GlobalSection(SolutionProperties) = preSolution
		HideSolutionNode = FALSE
	EndGlobalSection
	GlobalSection(ExtensibilityGlobals) = postSolution
		SolutionGuid = {85643409-9147-4C4E-93A7-09BC936170CE}
	EndGlobalSection
EndGlobal
